
Microsoft Visual Studio Solution File, Format Version 12.00
# Visual Studio Version 16
VisualStudioVersion = 16.0.30907.101
MinimumVisualStudioVersion = 10.0.40219.1
Project("{FAE04EC0-301F-11D3-BF4B-00C04F79EFBC}") = "Lab8_3", "Lab8_3.csproj", "{D63E72FD-6C95-432B-BCFD-69B60A212C7E}"
EndProject
Global
	GlobalSection(SolutionConfigurationPlatforms) = preSolution
		Debug|Any CPU = Debug|Any CPU
		Release|Any CPU = Release|Any CPU
	EndGlobalSection
	GlobalSection(ProjectConfigurationPlatforms) = postSolution
		{D63E72FD-6C95-432B-BCFD-69B60A212C7E}.Debug|Any CPU.ActiveCfg = Debug|Any CPU
		{D63E72FD-6C95-432B-BCFD-69B60A212C7E}.Debug|Any CPU.Build.0 = Debug|Any CPU
		{D63E72FD-6C95-432B-BCFD-69B60A212C7E}.Release|Any CPU.ActiveCfg = Release|Any CPU
		{D63E72FD-6C95-432B-BCFD-69B60A212C7E}.Release|Any CPU.Build.0 = Release|Any CPU
	EndGlobalSection
	GlobalSection(SolutionProperties) = preSolution
		HideSolutionNode = FALSE
	EndGlobalSection
	GlobalSection(ExtensibilityGlobals) = postSolution
		SolutionGuid = {33D7F618-722E-4B36-9EF7-3D1BB86B8C1D}
	EndGlobalSection
EndGlobal
